// !$*UTF8*$!
{
	archiveVersion = 1;
	classes = {
	};
	objectVersion = 50;
	objects = {

/* Begin PBXBuildFile section */
		AE51F719213080900023A332 /* AppDelegate.swift in Sources */ = {isa = PBXBuildFile; fileRef = AE51F718213080900023A332 /* AppDelegate.swift */; };
		AE51F71B213080900023A332 /* ViewController.swift in Sources */ = {isa = PBXBuildFile; fileRef = AE51F71A213080900023A332 /* ViewController.swift */; };
		AE51F71E213080900023A332 /* Main.storyboard in Resources */ = {isa = PBXBuildFile; fileRef = AE51F71C213080900023A332 /* Main.storyboard */; };
		AE51F720213080910023A332 /* Assets.xcassets in Resources */ = {isa = PBXBuildFile; fileRef = AE51F71F213080910023A332 /* Assets.xcassets */; };
		AE51F723213080910023A332 /* LaunchScreen.storyboard in Resources */ = {isa = PBXBuildFile; fileRef = AE51F721213080910023A332 /* LaunchScreen.storyboard */; };
		AE51F72B2130839B0023A332 /* level1.txt in Resources */ = {isa = PBXBuildFile; fileRef = AE51F72A2130839B0023A332 /* level1.txt */; };
		AED8F68C2135F16B0078154B /* level2.txt in Resources */ = {isa = PBXBuildFile; fileRef = AED8F68B2135F16B0078154B /* level2.txt */; };
/* End PBXBuildFile section */

/* Begin PBXFileReference section */
		AE51F715213080900023A332 /* Project8 7 Swifty Words.app */ = {isa = PBXFileReference; explicitFileType = wrapper.application; includeInIndex = 0; path = "Project8 7 Swifty Words.app"; sourceTree = BUILT_PRODUCTS_DIR; };
		AE51F718213080900023A332 /* AppDelegate.swift */ = {isa = PBXFileReference; lastKnownFileType = sourcecode.swift; path = AppDelegate.swift; sourceTree = "<group>"; };
		AE51F71A213080900023A332 /* ViewController.swift */ = {isa = PBXFileReference; lastKnownFileType = sourcecode.swift; path = ViewController.swift; sourceTree = "<group>"; };
		AE51F71D213080900023A332 /* Base */ = {isa = PBXFileReference; lastKnownFileType = file.storyboard; name = Base; path = Base.lproj/Main.storyboard; sourceTree = "<group>"; };
		AE51F71F213080910023A332 /* Assets.xcassets */ = {isa = PBXFileReference; lastKnownFileType = folder.assetcatalog; path = Assets.xcassets; sourceTree = "<group>"; };
		AE51F722213080910023A332 /* Base */ = {isa = PBXFileReference; lastKnownFileType = file.storyboard; name = Base; path = Base.lproj/LaunchScreen.storyboard; sourceTree = "<group>"; };
		AE51F724213080910023A332 /* Info.plist */ = {isa = PBXFileReference; lastKnownFileType = text.plist.xml; path = Info.plist; sourceTree = "<group>"; };
		AE51F72A2130839B0023A332 /* level1.txt */ = {isa = PBXFileReference; fileEncoding = 4; lastKnownFileType = text; path = level1.txt; sourceTree = "<group>"; };
		AED8F68B2135F16B0078154B /* level2.txt */ = {isa = PBXFileReference; fileEncoding = 4; lastKnownFileType = text; path = level2.txt; sourceTree = "<group>"; };
/* End PBXFileReference section */

/* Begin PBXFrameworksBuildPhase section */
		AE51F712213080900023A332 /* Frameworks */ = {
			isa = PBXFrameworksBuildPhase;
			buildActionMask = 2147483647;
			files = (
			);
			runOnlyForDeploymentPostprocessing = 0;
		};
/* End PBXFrameworksBuildPhase section */

/* Begin PBXGroup section */
		AE51F70C213080900023A332 = {
			isa = PBXGroup;
			children = (
				AE51F717213080900023A332 /* Project8 7 Swifty Words */,
				AE51F716213080900023A332 /* Products */,
			);
			sourceTree = "<group>";
		};
		AE51F716213080900023A332 /* Products */ = {
			isa = PBXGroup;
			children = (
				AE51F715213080900023A332 /* Project8 7 Swifty Words.app */,
			);
			name = Products;
			sourceTree = "<group>";
		};
		AE51F717213080900023A332 /* Project8 7 Swifty Words */ = {
			isa = PBXGroup;
			children = (
				AE51F718213080900023A332 /* AppDelegate.swift */,
				AE51F71A213080900023A332 /* ViewController.swift */,
				AE51F71C213080900023A332 /* Main.storyboard */,
				AE51F71F213080910023A332 /* Assets.xcassets */,
				AE51F721213080910023A332 /* LaunchScreen.storyboard */,
				AE51F724213080910023A332 /* Info.plist */,
				AE51F72A2130839B0023A332 /* level1.txt */,
				AED8F68B2135F16B0078154B /* level2.txt */,
			);
			path = "Project8 7 Swifty Words";
			sourceTree = "<group>";
		};
/* End PBXGroup section */

/* Begin PBXNativeTarget section */
		AE51F714213080900023A332 /* Project8 7 Swifty Words */ = {
			isa = PBXNativeTarget;
			buildConfigurationList = AE51F727213080910023A332 /* Build configuration list for PBXNativeTarget "Project8 7 Swifty Words" */;
			buildPhases = (
				AE51F711213080900023A332 /* Sources */,
				AE51F712213080900023A332 /* Frameworks */,
				AE51F713213080900023A332 /* Resources */,
			);
			buildRules = (
			);
			dependencies = (
			);
			name = "Project8 7 Swifty Words";
			productName = "Project 8: 7 Swifty Words";
			productReference = AE51F715213080900023A332 /* Project8 7 Swifty Words.app */;
			productType = "com.apple.product-type.application";
		};
/* End PBXNativeTarget section */

/* Begin PBXProject section */
		AE51F70D213080900023A332 /* Project object */ = {
			isa = PBXProject;
			attributes = {
				LastSwiftUpdateCheck = 0940;
				LastUpgradeCheck = 0940;
				ORGANIZATIONNAME = "Hannie Kim";
				TargetAttributes = {
					AE51F714213080900023A332 = {
						CreatedOnToolsVersion = 9.4.1;
					};
				};
			};
			buildConfigurationList = AE51F710213080900023A332 /* Build configuration list for PBXProject "Project8 7 Swifty Words" */;
			compatibilityVersion = "Xcode 9.3";
			developmentRegion = en;
			hasScannedForEncodings = 0;
			knownRegions = (
				en,
				Base,
			);
			mainGroup = AE51F70C213080900023A332;
			productRefGroup = AE51F716213080900023A332 /* Products */;
			projectDirPath = "";
			projectRoot = "";
			targets = (
				AE51F714213080900023A332 /* Project8 7 Swifty Words */,
			);
		};
/* End PBXProject section */

/* Begin PBXResourcesBuildPhase section */
		AE51F713213080900023A332 /* Resources */ = {
			isa = PBXResourcesBuildPhase;
			buildActionMask = 2147483647;
			files = (
				AED8F68C2135F16B0078154B /* level2.txt in Resources */,
				AE51F723213080910023A332 /* LaunchScreen.storyboard in Resources */,
				AE51F72B2130839B0023A332 /* level1.txt in Resources */,
				AE51F720213080910023A332 /* Assets.xcassets in Resources */,
				AE51F71E213080900023A332 /* Main.storyboard in Resources */,
			);
			runOnlyForDeploymentPostprocessing = 0;
		};
/* End PBXResourcesBuildPhase section */

/* Begin PBXSourcesBuildPhase section */
		AE51F711213080900023A332 /* Sources */ = {
			isa = PBXSourcesBuildPhase;
			buildActionMask = 2147483647;
			files = (
				AE51F71B213080900023A332 /* ViewController.swift in Sources */,
				AE51F719213080900023A332 /* AppDelegate.swift in Sources */,
			);
			runOnlyForDeploymentPostprocessing = 0;
		};
/* End PBXSourcesBuildPhase section */

/* Begin PBXVariantGroup section */
		AE51F71C213080900023A332 /* Main.storyboard */ = {
			isa = PBXVariantGroup;
			children = (
				AE51F71D213080900023A332 /* Base */,
			);
			name = Main.storyboard;
			sourceTree = "<group>";
		};
		AE51F721213080910023A332 /* LaunchScreen.storyboard */ = {
			isa = PBXVariantGroup;
			children = (
				AE51F722213080910023A332 /* Base */,
			);
			name = LaunchScreen.storyboard;
			sourceTree = "<group>";
		};
/* End PBXVariantGroup section */

/* Begin XCBuildConfiguration section */
		AE51F725213080910023A332 /* Debug */ = {
			isa = XCBuildConfiguration;
			buildSettings = {
				ALWAYS_SEARCH_USER_PATHS = NO;
				CLANG_ANALYZER_NONNULL = YES;
				CLANG_ANALYZER_NUMBER_OBJECT_CONVERSION = YES_AGGRESSIVE;
				CLANG_CXX_LANGUAGE_STANDARD = "gnu++14";
				CLANG_CXX_LIBRARY = "libc++";
				CLANG_ENABLE_MODULES = YES;
				CLANG_ENABLE_OBJC_ARC = YES;
				CLANG_ENABLE_OBJC_WEAK = YES;
				CLANG_WARN_BLOCK_CAPTURE_AUTORELEASING = YES;
				CLANG_WARN_BOOL_CONVERSION = YES;
				CLANG_WARN_COMMA = YES;
				CLANG_WARN_CONSTANT_CONVERSION = YES;
				CLANG_WARN_DEPRECATED_OBJC_IMPLEMENTATIONS = YES;
				CLANG_WARN_DIRECT_OBJC_ISA_USAGE = YES_ERROR;
				CLANG_WARN_DOCUMENTATION_COMMENTS = YES;
				CLANG_WARN_EMPTY_BODY = YES;
				CLANG_WARN_ENUM_CONVERSION = YES;
				CLANG_WARN_INFINITE_RECURSION = YES;
				CLANG_WARN_INT_CONVERSION = YES;
				CLANG_WARN_NON_LITERAL_NULL_CONVERSION = YES;
				CLANG_WARN_OBJC_IMPLICIT_RETAIN_SELF = YES;
				CLANG_WARN_OBJC_LITERAL_CONVERSION = YES;
				CLANG_WARN_OBJC_ROOT_CLASS = YES_ERROR;
				CLANG_WARN_RANGE_LOOP_ANALYSIS = YES;
				CLANG_WARN_STRICT_PROTOTYPES = YES;
				CLANG_WARN_SUSPICIOUS_MOVE = YES;
				CLANG_WARN_UNGUARDED_AVAILABILITY = YES_AGGRESSIVE;
				CLANG_WARN_UNREACHABLE_CODE = YES;
				CLANG_WARN__DUPLICATE_METHOD_MATCH = YES;
				CODE_SIGN_IDENTITY = "iPhone Developer";
				COPY_PHASE_STRIP = NO;
				DEBUG_INFORMATION_FORMAT = dwarf;
				ENABLE_STRICT_OBJC_MSGSEND = YES;
				ENABLE_TESTABILITY = YES;
				GCC_C_LANGUAGE_STANDARD = gnu11;
				GCC_DYNAMIC_NO_PIC = NO;
				GCC_NO_COMMON_BLOCKS = YES;
				GCC_OPTIMIZATION_LEVEL = 0;
				GCC_PREPROCESSOR_DEFINITIONS = (
					"DEBUG=1",
					"$(inherited)",
				);
				GCC_WARN_64_TO_32_BIT_CONVERSION = YES;
				GCC_WARN_ABOUT_RETURN_TYPE = YES_ERROR;
				GCC_WARN_UNDECLARED_SELECTOR = YES;
				GCC_WARN_UNINITIALIZED_AUTOS = YES_AGGRESSIVE;
				GCC_WARN_UNUSED_FUNCTION = YES;
				GCC_WARN_UNUSED_VARIABLE = YES;
				IPHONEOS_DEPLOYMENT_TARGET = 11.4;
				MTL_ENABLE_DEBUG_INFO = YES;
				ONLY_ACTIVE_ARCH = YES;
				SDKROOT = iphoneos;
				SWIFT_ACTIVE_COMPILATION_CONDITIONS = DEBUG;
				SWIFT_OPTIMIZATION_LEVEL = "-Onone";
			};
			name = Debug;
		};
		AE51F726213080910023A332 /* Release */ = {
			isa = XCBuildConfiguration;
			buildSettings = {
				ALWAYS_SEARCH_USER_PATHS = NO;
				CLANG_ANALYZER_NONNULL = YES;
				CLANG_ANALYZER_NUMBER_OBJECT_CONVERSION = YES_AGGRESSIVE;
				CLANG_CXX_LANGUAGE_STANDARD = "gnu++14";
				CLANG_CXX_LIBRARY = "libc++";
				CLANG_ENABLE_MODULES = YES;
				CLANG_ENABLE_OBJC_ARC = YES;
				CLANG_ENABLE_OBJC_WEAK = YES;
				CLANG_WARN_BLOCK_CAPTURE_AUTORELEASING = YES;
				CLANG_WARN_BOOL_CONVERSION = YES;
				CLANG_WARN_COMMA = YES;
				CLANG_WARN_CONSTANT_CONVERSION = YES;
				CLANG_WARN_DEPRECATED_OBJC_IMPLEMENTATIONS = YES;
				CLANG_WARN_DIRECT_OBJC_ISA_USAGE = YES_ERROR;
				CLANG_WARN_DOCUMENTATION_COMMENTS = YES;
				CLANG_WARN_EMPTY_BODY = YES;
				CLANG_WARN_ENUM_CONVERSION = YES;
				CLANG_WARN_INFINITE_RECURSION = YES;
				CLANG_WARN_INT_CONVERSION = YES;
				CLANG_WARN_NON_LITERAL_NULL_CONVERSION = YES;
				CLANG_WARN_OBJC_IMPLICIT_RETAIN_SELF = YES;
				CLANG_WARN_OBJC_LITERAL_CONVERSION = YES;
				CLANG_WARN_OBJC_ROOT_CLASS = YES_ERROR;
				CLANG_WARN_RANGE_LOOP_ANALYSIS = YES;
				CLANG_WARN_STRICT_PROTOTYPES = YES;
				CLANG_WARN_SUSPICIOUS_MOVE = YES;
				CLANG_WARN_UNGUARDED_AVAILABILITY = YES_AGGRESSIVE;
				CLANG_WARN_UNREACHABLE_CODE = YES;
				CLANG_WARN__DUPLICATE_METHOD_MATCH = YES;
				CODE_SIGN_IDENTITY = "iPhone Developer";
				COPY_PHASE_STRIP = NO;
				DEBUG_INFORMATION_FORMAT = "dwarf-with-dsym";
				ENABLE_NS_ASSERTIONS = NO;
				ENABLE_STRICT_OBJC_MSGSEND = YES;
				GCC_C_LANGUAGE_STANDARD = gnu11;
				GCC_NO_COMMON_BLOCKS = YES;
				GCC_WARN_64_TO_32_BIT_CONVERSION = YES;
				GCC_WARN_ABOUT_RETURN_TYPE = YES_ERROR;
				GCC_WARN_UNDECLARED_SELECTOR = YES;
				GCC_WARN_UNINITIALIZED_AUTOS = YES_AGGRESSIVE;
				GCC_WARN_UNUSED_FUNCTION = YES;
				GCC_WARN_UNUSED_VARIABLE = YES;
				IPHONEOS_DEPLOYMENT_TARGET = 11.4;
				MTL_ENABLE_DEBUG_INFO = NO;
				SDKROOT = iphoneos;
				SWIFT_COMPILATION_MODE = wholemodule;
				SWIFT_OPTIMIZATION_LEVEL = "-O";
				VALIDATE_PRODUCT = YES;
			};
			name = Release;
		};
		AE51F728213080910023A332 /* Debug */ = {
			isa = XCBuildConfiguration;
			buildSettings = {
				ASSETCATALOG_COMPILER_APPICON_NAME = AppIcon;
				CODE_SIGN_STYLE = Automatic;
				INFOPLIST_FILE = "$(SRCROOT)/Project8 7 Swifty Words/Info.plist";
				LD_RUNPATH_SEARCH_PATHS = (
					"$(inherited)",
					"@executable_path/Frameworks",
				);
				PRODUCT_BUNDLE_IDENTIFIER = "com.win-with-kim.Project8-7-Swifty-Words";
				PRODUCT_NAME = "$(TARGET_NAME)";
				SWIFT_VERSION = 4.0;
				TARGETED_DEVICE_FAMILY = 2;
			};
			name = Debug;
		};
		AE51F729213080910023A332 /* Release */ = {
			isa = XCBuildConfiguration;
			buildSettings = {
				ASSETCATALOG_COMPILER_APPICON_NAME = AppIcon;
				CODE_SIGN_STYLE = Automatic;
				INFOPLIST_FILE = "$(SRCROOT)/Project8 7 Swifty Words/Info.plist";
				LD_RUNPATH_SEARCH_PATHS = (
					"$(inherited)",
					"@executable_path/Frameworks",
				);
				PRODUCT_BUNDLE_IDENTIFIER = "com.win-with-kim.Project8-7-Swifty-Words";
				PRODUCT_NAME = "$(TARGET_NAME)";
				SWIFT_VERSION = 4.0;
				TARGETED_DEVICE_FAMILY = 2;
			};
			name = Release;
		};
/* End XCBuildConfiguration section */

/* Begin XCConfigurationList section */
		AE51F710213080900023A332 /* Build configuration list for PBXProject "Project8 7 Swifty Words" */ = {
			isa = XCConfigurationList;
			buildConfigurations = (
				AE51F725213080910023A332 /* Debug */,
				AE51F726213080910023A332 /* Release */,
			);
			defaultConfigurationIsVisible = 0;
			defaultConfigurationName = Release;
		};
		AE51F727213080910023A332 /* Build configuration list for PBXNativeTarget "Project8 7 Swifty Words" */ = {
			isa = XCConfigurationList;
			buildConfigurations = (
				AE51F728213080910023A332 /* Debug */,
				AE51F729213080910023A332 /* Release */,
			);
			defaultConfigurationIsVisible = 0;
			defaultConfigurationName = Release;
		};
/* End XCConfigurationList section */
	};
	rootObject = AE51F70D213080900023A332 /* Project object */;
}
