// !$*UTF8*$!
{
	archiveVersion = 1;
	classes = {
	};
	objectVersion = 50;
	objects = {

/* Begin PBXBuildFile section */
		AE4DA004214772A300BCFCC9 /* ballGrey.png in Resources */ = {isa = PBXBuildFile; fileRef = AE4D9FE8214772A300BCFCC9 /* ballGrey.png */; };
		AE4DA005214772A300BCFCC9 /* FireParticles.sks in Resources */ = {isa = PBXBuildFile; fileRef = AE4D9FE9214772A300BCFCC9 /* FireParticles.sks */; };
		AE4DA006214772A300BCFCC9 /* ballBlue@2x.png in Resources */ = {isa = PBXBuildFile; fileRef = AE4D9FEA214772A300BCFCC9 /* ballBlue@2x.png */; };
		AE4DA007214772A300BCFCC9 /* slotGlowBad@2x.png in Resources */ = {isa = PBXBuildFile; fileRef = AE4D9FEB214772A300BCFCC9 /* slotGlowBad@2x.png */; };
		AE4DA008214772A300BCFCC9 /* ballPurple.png in Resources */ = {isa = PBXBuildFile; fileRef = AE4D9FEC214772A300BCFCC9 /* ballPurple.png */; };
		AE4DA009214772A300BCFCC9 /* ballYellow@2x.png in Resources */ = {isa = PBXBuildFile; fileRef = AE4D9FED214772A300BCFCC9 /* ballYellow@2x.png */; };
		AE4DA00A214772A300BCFCC9 /* ballRed.png in Resources */ = {isa = PBXBuildFile; fileRef = AE4D9FEE214772A300BCFCC9 /* ballRed.png */; };
		AE4DA00B214772A300BCFCC9 /* slotBaseGood@2x.png in Resources */ = {isa = PBXBuildFile; fileRef = AE4D9FEF214772A300BCFCC9 /* slotBaseGood@2x.png */; };
		AE4DA00C214772A300BCFCC9 /* ballPurple@2x.png in Resources */ = {isa = PBXBuildFile; fileRef = AE4D9FF0214772A300BCFCC9 /* ballPurple@2x.png */; };
		AE4DA00D214772A300BCFCC9 /* slotBaseBad.png in Resources */ = {isa = PBXBuildFile; fileRef = AE4D9FF1214772A300BCFCC9 /* slotBaseBad.png */; };
		AE4DA00E214772A300BCFCC9 /* slotBaseBad@2x.png in Resources */ = {isa = PBXBuildFile; fileRef = AE4D9FF2214772A300BCFCC9 /* slotBaseBad@2x.png */; };
		AE4DA00F214772A300BCFCC9 /* ballGrey@2x.png in Resources */ = {isa = PBXBuildFile; fileRef = AE4D9FF3214772A300BCFCC9 /* ballGrey@2x.png */; };
		AE4DA010214772A300BCFCC9 /* spark.png in Resources */ = {isa = PBXBuildFile; fileRef = AE4D9FF4214772A300BCFCC9 /* spark.png */; };
		AE4DA011214772A300BCFCC9 /* bouncer@2x.png in Resources */ = {isa = PBXBuildFile; fileRef = AE4D9FF5214772A300BCFCC9 /* bouncer@2x.png */; };
		AE4DA012214772A300BCFCC9 /* slotGlowGood.png in Resources */ = {isa = PBXBuildFile; fileRef = AE4D9FF6214772A300BCFCC9 /* slotGlowGood.png */; };
		AE4DA013214772A300BCFCC9 /* slotGlowGood@2x.png in Resources */ = {isa = PBXBuildFile; fileRef = AE4D9FF7214772A300BCFCC9 /* slotGlowGood@2x.png */; };
		AE4DA014214772A300BCFCC9 /* slotBaseGood.png in Resources */ = {isa = PBXBuildFile; fileRef = AE4D9FF8214772A300BCFCC9 /* slotBaseGood.png */; };
		AE4DA015214772A300BCFCC9 /* background.jpg in Resources */ = {isa = PBXBuildFile; fileRef = AE4D9FF9214772A300BCFCC9 /* background.jpg */; };
		AE4DA016214772A300BCFCC9 /* ballCyan.png in Resources */ = {isa = PBXBuildFile; fileRef = AE4D9FFA214772A300BCFCC9 /* ballCyan.png */; };
		AE4DA017214772A300BCFCC9 /* ballRed@2x.png in Resources */ = {isa = PBXBuildFile; fileRef = AE4D9FFB214772A300BCFCC9 /* ballRed@2x.png */; };
		AE4DA018214772A300BCFCC9 /* slotGlowBad.png in Resources */ = {isa = PBXBuildFile; fileRef = AE4D9FFC214772A300BCFCC9 /* slotGlowBad.png */; };
		AE4DA019214772A300BCFCC9 /* ballCyan@2x.png in Resources */ = {isa = PBXBuildFile; fileRef = AE4D9FFD214772A300BCFCC9 /* ballCyan@2x.png */; };
		AE4DA01A214772A300BCFCC9 /* ballYellow.png in Resources */ = {isa = PBXBuildFile; fileRef = AE4D9FFE214772A300BCFCC9 /* ballYellow.png */; };
		AE4DA01B214772A300BCFCC9 /* background@2x.jpg in Resources */ = {isa = PBXBuildFile; fileRef = AE4D9FFF214772A300BCFCC9 /* background@2x.jpg */; };
		AE4DA01C214772A300BCFCC9 /* ballGreen@2x.png in Resources */ = {isa = PBXBuildFile; fileRef = AE4DA000214772A300BCFCC9 /* ballGreen@2x.png */; };
		AE4DA01D214772A300BCFCC9 /* ballGreen.png in Resources */ = {isa = PBXBuildFile; fileRef = AE4DA001214772A300BCFCC9 /* ballGreen.png */; };
		AE4DA01E214772A300BCFCC9 /* bouncer.png in Resources */ = {isa = PBXBuildFile; fileRef = AE4DA002214772A300BCFCC9 /* bouncer.png */; };
		AE4DA01F214772A300BCFCC9 /* ballBlue.png in Resources */ = {isa = PBXBuildFile; fileRef = AE4DA003214772A300BCFCC9 /* ballBlue.png */; };
		AE5A227F213E325D0002956B /* AppDelegate.swift in Sources */ = {isa = PBXBuildFile; fileRef = AE5A227E213E325D0002956B /* AppDelegate.swift */; };
		AE5A2281213E325D0002956B /* GameScene.sks in Resources */ = {isa = PBXBuildFile; fileRef = AE5A2280213E325D0002956B /* GameScene.sks */; };
		AE5A2285213E325D0002956B /* GameScene.swift in Sources */ = {isa = PBXBuildFile; fileRef = AE5A2284213E325D0002956B /* GameScene.swift */; };
		AE5A2287213E325D0002956B /* GameViewController.swift in Sources */ = {isa = PBXBuildFile; fileRef = AE5A2286213E325D0002956B /* GameViewController.swift */; };
		AE5A228A213E325D0002956B /* Main.storyboard in Resources */ = {isa = PBXBuildFile; fileRef = AE5A2288213E325D0002956B /* Main.storyboard */; };
		AE5A228C213E32620002956B /* Assets.xcassets in Resources */ = {isa = PBXBuildFile; fileRef = AE5A228B213E32620002956B /* Assets.xcassets */; };
		AE5A228F213E32620002956B /* LaunchScreen.storyboard in Resources */ = {isa = PBXBuildFile; fileRef = AE5A228D213E32620002956B /* LaunchScreen.storyboard */; };
/* End PBXBuildFile section */

/* Begin PBXFileReference section */
		AE4D9FE8214772A300BCFCC9 /* ballGrey.png */ = {isa = PBXFileReference; lastKnownFileType = image.png; path = ballGrey.png; sourceTree = "<group>"; };
		AE4D9FE9214772A300BCFCC9 /* FireParticles.sks */ = {isa = PBXFileReference; lastKnownFileType = file.sks; path = FireParticles.sks; sourceTree = "<group>"; };
		AE4D9FEA214772A300BCFCC9 /* ballBlue@2x.png */ = {isa = PBXFileReference; lastKnownFileType = image.png; path = "ballBlue@2x.png"; sourceTree = "<group>"; };
		AE4D9FEB214772A300BCFCC9 /* slotGlowBad@2x.png */ = {isa = PBXFileReference; lastKnownFileType = image.png; path = "slotGlowBad@2x.png"; sourceTree = "<group>"; };
		AE4D9FEC214772A300BCFCC9 /* ballPurple.png */ = {isa = PBXFileReference; lastKnownFileType = image.png; path = ballPurple.png; sourceTree = "<group>"; };
		AE4D9FED214772A300BCFCC9 /* ballYellow@2x.png */ = {isa = PBXFileReference; lastKnownFileType = image.png; path = "ballYellow@2x.png"; sourceTree = "<group>"; };
		AE4D9FEE214772A300BCFCC9 /* ballRed.png */ = {isa = PBXFileReference; lastKnownFileType = image.png; path = ballRed.png; sourceTree = "<group>"; };
		AE4D9FEF214772A300BCFCC9 /* slotBaseGood@2x.png */ = {isa = PBXFileReference; lastKnownFileType = image.png; path = "slotBaseGood@2x.png"; sourceTree = "<group>"; };
		AE4D9FF0214772A300BCFCC9 /* ballPurple@2x.png */ = {isa = PBXFileReference; lastKnownFileType = image.png; path = "ballPurple@2x.png"; sourceTree = "<group>"; };
		AE4D9FF1214772A300BCFCC9 /* slotBaseBad.png */ = {isa = PBXFileReference; lastKnownFileType = image.png; path = slotBaseBad.png; sourceTree = "<group>"; };
		AE4D9FF2214772A300BCFCC9 /* slotBaseBad@2x.png */ = {isa = PBXFileReference; lastKnownFileType = image.png; path = "slotBaseBad@2x.png"; sourceTree = "<group>"; };
		AE4D9FF3214772A300BCFCC9 /* ballGrey@2x.png */ = {isa = PBXFileReference; lastKnownFileType = image.png; path = "ballGrey@2x.png"; sourceTree = "<group>"; };
		AE4D9FF4214772A300BCFCC9 /* spark.png */ = {isa = PBXFileReference; lastKnownFileType = image.png; path = spark.png; sourceTree = "<group>"; };
		AE4D9FF5214772A300BCFCC9 /* bouncer@2x.png */ = {isa = PBXFileReference; lastKnownFileType = image.png; path = "bouncer@2x.png"; sourceTree = "<group>"; };
		AE4D9FF6214772A300BCFCC9 /* slotGlowGood.png */ = {isa = PBXFileReference; lastKnownFileType = image.png; path = slotGlowGood.png; sourceTree = "<group>"; };
		AE4D9FF7214772A300BCFCC9 /* slotGlowGood@2x.png */ = {isa = PBXFileReference; lastKnownFileType = image.png; path = "slotGlowGood@2x.png"; sourceTree = "<group>"; };
		AE4D9FF8214772A300BCFCC9 /* slotBaseGood.png */ = {isa = PBXFileReference; lastKnownFileType = image.png; path = slotBaseGood.png; sourceTree = "<group>"; };
		AE4D9FF9214772A300BCFCC9 /* background.jpg */ = {isa = PBXFileReference; lastKnownFileType = image.jpeg; path = background.jpg; sourceTree = "<group>"; };
		AE4D9FFA214772A300BCFCC9 /* ballCyan.png */ = {isa = PBXFileReference; lastKnownFileType = image.png; path = ballCyan.png; sourceTree = "<group>"; };
		AE4D9FFB214772A300BCFCC9 /* ballRed@2x.png */ = {isa = PBXFileReference; lastKnownFileType = image.png; path = "ballRed@2x.png"; sourceTree = "<group>"; };
		AE4D9FFC214772A300BCFCC9 /* slotGlowBad.png */ = {isa = PBXFileReference; lastKnownFileType = image.png; path = slotGlowBad.png; sourceTree = "<group>"; };
		AE4D9FFD214772A300BCFCC9 /* ballCyan@2x.png */ = {isa = PBXFileReference; lastKnownFileType = image.png; path = "ballCyan@2x.png"; sourceTree = "<group>"; };
		AE4D9FFE214772A300BCFCC9 /* ballYellow.png */ = {isa = PBXFileReference; lastKnownFileType = image.png; path = ballYellow.png; sourceTree = "<group>"; };
		AE4D9FFF214772A300BCFCC9 /* background@2x.jpg */ = {isa = PBXFileReference; lastKnownFileType = image.jpeg; path = "background@2x.jpg"; sourceTree = "<group>"; };
		AE4DA000214772A300BCFCC9 /* ballGreen@2x.png */ = {isa = PBXFileReference; lastKnownFileType = image.png; path = "ballGreen@2x.png"; sourceTree = "<group>"; };
		AE4DA001214772A300BCFCC9 /* ballGreen.png */ = {isa = PBXFileReference; lastKnownFileType = image.png; path = ballGreen.png; sourceTree = "<group>"; };
		AE4DA002214772A300BCFCC9 /* bouncer.png */ = {isa = PBXFileReference; lastKnownFileType = image.png; path = bouncer.png; sourceTree = "<group>"; };
		AE4DA003214772A300BCFCC9 /* ballBlue.png */ = {isa = PBXFileReference; lastKnownFileType = image.png; path = ballBlue.png; sourceTree = "<group>"; };
		AE5A227B213E325D0002956B /* Project11 Pachinko.app */ = {isa = PBXFileReference; explicitFileType = wrapper.application; includeInIndex = 0; path = "Project11 Pachinko.app"; sourceTree = BUILT_PRODUCTS_DIR; };
		AE5A227E213E325D0002956B /* AppDelegate.swift */ = {isa = PBXFileReference; lastKnownFileType = sourcecode.swift; path = AppDelegate.swift; sourceTree = "<group>"; };
		AE5A2280213E325D0002956B /* GameScene.sks */ = {isa = PBXFileReference; lastKnownFileType = file.sks; path = GameScene.sks; sourceTree = "<group>"; };
		AE5A2284213E325D0002956B /* GameScene.swift */ = {isa = PBXFileReference; lastKnownFileType = sourcecode.swift; path = GameScene.swift; sourceTree = "<group>"; };
		AE5A2286213E325D0002956B /* GameViewController.swift */ = {isa = PBXFileReference; lastKnownFileType = sourcecode.swift; path = GameViewController.swift; sourceTree = "<group>"; };
		AE5A2289213E325D0002956B /* Base */ = {isa = PBXFileReference; lastKnownFileType = file.storyboard; name = Base; path = Base.lproj/Main.storyboard; sourceTree = "<group>"; };
		AE5A228B213E32620002956B /* Assets.xcassets */ = {isa = PBXFileReference; lastKnownFileType = folder.assetcatalog; path = Assets.xcassets; sourceTree = "<group>"; };
		AE5A228E213E32620002956B /* Base */ = {isa = PBXFileReference; lastKnownFileType = file.storyboard; name = Base; path = Base.lproj/LaunchScreen.storyboard; sourceTree = "<group>"; };
		AE5A2290213E32620002956B /* Info.plist */ = {isa = PBXFileReference; lastKnownFileType = text.plist.xml; path = Info.plist; sourceTree = "<group>"; };
/* End PBXFileReference section */

/* Begin PBXFrameworksBuildPhase section */
		AE5A2278213E325D0002956B /* Frameworks */ = {
			isa = PBXFrameworksBuildPhase;
			buildActionMask = 2147483647;
			files = (
			);
			runOnlyForDeploymentPostprocessing = 0;
		};
/* End PBXFrameworksBuildPhase section */

/* Begin PBXGroup section */
		AE4D9FE7214772A300BCFCC9 /* Content */ = {
			isa = PBXGroup;
			children = (
				AE4D9FE8214772A300BCFCC9 /* ballGrey.png */,
				AE4D9FE9214772A300BCFCC9 /* FireParticles.sks */,
				AE4D9FEA214772A300BCFCC9 /* ballBlue@2x.png */,
				AE4D9FEB214772A300BCFCC9 /* slotGlowBad@2x.png */,
				AE4D9FEC214772A300BCFCC9 /* ballPurple.png */,
				AE4D9FED214772A300BCFCC9 /* ballYellow@2x.png */,
				AE4D9FEE214772A300BCFCC9 /* ballRed.png */,
				AE4D9FEF214772A300BCFCC9 /* slotBaseGood@2x.png */,
				AE4D9FF0214772A300BCFCC9 /* ballPurple@2x.png */,
				AE4D9FF1214772A300BCFCC9 /* slotBaseBad.png */,
				AE4D9FF2214772A300BCFCC9 /* slotBaseBad@2x.png */,
				AE4D9FF3214772A300BCFCC9 /* ballGrey@2x.png */,
				AE4D9FF4214772A300BCFCC9 /* spark.png */,
				AE4D9FF5214772A300BCFCC9 /* bouncer@2x.png */,
				AE4D9FF6214772A300BCFCC9 /* slotGlowGood.png */,
				AE4D9FF7214772A300BCFCC9 /* slotGlowGood@2x.png */,
				AE4D9FF8214772A300BCFCC9 /* slotBaseGood.png */,
				AE4D9FF9214772A300BCFCC9 /* background.jpg */,
				AE4D9FFA214772A300BCFCC9 /* ballCyan.png */,
				AE4D9FFB214772A300BCFCC9 /* ballRed@2x.png */,
				AE4D9FFC214772A300BCFCC9 /* slotGlowBad.png */,
				AE4D9FFD214772A300BCFCC9 /* ballCyan@2x.png */,
				AE4D9FFE214772A300BCFCC9 /* ballYellow.png */,
				AE4D9FFF214772A300BCFCC9 /* background@2x.jpg */,
				AE4DA000214772A300BCFCC9 /* ballGreen@2x.png */,
				AE4DA001214772A300BCFCC9 /* ballGreen.png */,
				AE4DA002214772A300BCFCC9 /* bouncer.png */,
				AE4DA003214772A300BCFCC9 /* ballBlue.png */,
			);
			path = Content;
			sourceTree = "<group>";
		};
		AE5A2272213E325D0002956B = {
			isa = PBXGroup;
			children = (
				AE5A227D213E325D0002956B /* Project11 Pachinko */,
				AE5A227C213E325D0002956B /* Products */,
			);
			sourceTree = "<group>";
		};
		AE5A227C213E325D0002956B /* Products */ = {
			isa = PBXGroup;
			children = (
				AE5A227B213E325D0002956B /* Project11 Pachinko.app */,
			);
			name = Products;
			sourceTree = "<group>";
		};
		AE5A227D213E325D0002956B /* Project11 Pachinko */ = {
			isa = PBXGroup;
			children = (
				AE5A227E213E325D0002956B /* AppDelegate.swift */,
				AE5A2280213E325D0002956B /* GameScene.sks */,
				AE5A2284213E325D0002956B /* GameScene.swift */,
				AE5A2286213E325D0002956B /* GameViewController.swift */,
				AE5A2288213E325D0002956B /* Main.storyboard */,
				AE5A228B213E32620002956B /* Assets.xcassets */,
				AE5A228D213E32620002956B /* LaunchScreen.storyboard */,
				AE5A2290213E32620002956B /* Info.plist */,
				AE4D9FE7214772A300BCFCC9 /* Content */,
			);
			path = "Project11 Pachinko";
			sourceTree = "<group>";
		};
/* End PBXGroup section */

/* Begin PBXNativeTarget section */
		AE5A227A213E325D0002956B /* Project11 Pachinko */ = {
			isa = PBXNativeTarget;
			buildConfigurationList = AE5A2293213E32620002956B /* Build configuration list for PBXNativeTarget "Project11 Pachinko" */;
			buildPhases = (
				AE5A2277213E325D0002956B /* Sources */,
				AE5A2278213E325D0002956B /* Frameworks */,
				AE5A2279213E325D0002956B /* Resources */,
			);
			buildRules = (
			);
			dependencies = (
			);
			name = "Project11 Pachinko";
			productName = "Project11 Pachinko";
			productReference = AE5A227B213E325D0002956B /* Project11 Pachinko.app */;
			productType = "com.apple.product-type.application";
		};
/* End PBXNativeTarget section */

/* Begin PBXProject section */
		AE5A2273213E325D0002956B /* Project object */ = {
			isa = PBXProject;
			attributes = {
				LastSwiftUpdateCheck = 0940;
				LastUpgradeCheck = 0940;
				ORGANIZATIONNAME = "Hannie Kim";
				TargetAttributes = {
					AE5A227A213E325D0002956B = {
						CreatedOnToolsVersion = 9.4.1;
					};
				};
			};
			buildConfigurationList = AE5A2276213E325D0002956B /* Build configuration list for PBXProject "Project11 Pachinko" */;
			compatibilityVersion = "Xcode 9.3";
			developmentRegion = en;
			hasScannedForEncodings = 0;
			knownRegions = (
				en,
				Base,
			);
			mainGroup = AE5A2272213E325D0002956B;
			productRefGroup = AE5A227C213E325D0002956B /* Products */;
			projectDirPath = "";
			projectRoot = "";
			targets = (
				AE5A227A213E325D0002956B /* Project11 Pachinko */,
			);
		};
/* End PBXProject section */

/* Begin PBXResourcesBuildPhase section */
		AE5A2279213E325D0002956B /* Resources */ = {
			isa = PBXResourcesBuildPhase;
			buildActionMask = 2147483647;
			files = (
				AE4DA013214772A300BCFCC9 /* slotGlowGood@2x.png in Resources */,
				AE4DA018214772A300BCFCC9 /* slotGlowBad.png in Resources */,
				AE4DA01F214772A300BCFCC9 /* ballBlue.png in Resources */,
				AE4DA017214772A300BCFCC9 /* ballRed@2x.png in Resources */,
				AE4DA006214772A300BCFCC9 /* ballBlue@2x.png in Resources */,
				AE4DA01E214772A300BCFCC9 /* bouncer.png in Resources */,
				AE4DA007214772A300BCFCC9 /* slotGlowBad@2x.png in Resources */,
				AE5A228A213E325D0002956B /* Main.storyboard in Resources */,
				AE4DA00C214772A300BCFCC9 /* ballPurple@2x.png in Resources */,
				AE4DA00A214772A300BCFCC9 /* ballRed.png in Resources */,
				AE4DA00E214772A300BCFCC9 /* slotBaseBad@2x.png in Resources */,
				AE4DA01A214772A300BCFCC9 /* ballYellow.png in Resources */,
				AE4DA01D214772A300BCFCC9 /* ballGreen.png in Resources */,
				AE4DA01B214772A300BCFCC9 /* background@2x.jpg in Resources */,
				AE4DA004214772A300BCFCC9 /* ballGrey.png in Resources */,
				AE4DA01C214772A300BCFCC9 /* ballGreen@2x.png in Resources */,
				AE4DA008214772A300BCFCC9 /* ballPurple.png in Resources */,
				AE4DA015214772A300BCFCC9 /* background.jpg in Resources */,
				AE4DA012214772A300BCFCC9 /* slotGlowGood.png in Resources */,
				AE4DA009214772A300BCFCC9 /* ballYellow@2x.png in Resources */,
				AE4DA019214772A300BCFCC9 /* ballCyan@2x.png in Resources */,
				AE4DA011214772A300BCFCC9 /* bouncer@2x.png in Resources */,
				AE4DA00D214772A300BCFCC9 /* slotBaseBad.png in Resources */,
				AE5A2281213E325D0002956B /* GameScene.sks in Resources */,
				AE4DA016214772A300BCFCC9 /* ballCyan.png in Resources */,
				AE4DA005214772A300BCFCC9 /* FireParticles.sks in Resources */,
				AE5A228C213E32620002956B /* Assets.xcassets in Resources */,
				AE4DA00B214772A300BCFCC9 /* slotBaseGood@2x.png in Resources */,
				AE4DA00F214772A300BCFCC9 /* ballGrey@2x.png in Resources */,
				AE5A228F213E32620002956B /* LaunchScreen.storyboard in Resources */,
				AE4DA010214772A300BCFCC9 /* spark.png in Resources */,
				AE4DA014214772A300BCFCC9 /* slotBaseGood.png in Resources */,
			);
			runOnlyForDeploymentPostprocessing = 0;
		};
/* End PBXResourcesBuildPhase section */

/* Begin PBXSourcesBuildPhase section */
		AE5A2277213E325D0002956B /* Sources */ = {
			isa = PBXSourcesBuildPhase;
			buildActionMask = 2147483647;
			files = (
				AE5A2285213E325D0002956B /* GameScene.swift in Sources */,
				AE5A2287213E325D0002956B /* GameViewController.swift in Sources */,
				AE5A227F213E325D0002956B /* AppDelegate.swift in Sources */,
			);
			runOnlyForDeploymentPostprocessing = 0;
		};
/* End PBXSourcesBuildPhase section */

/* Begin PBXVariantGroup section */
		AE5A2288213E325D0002956B /* Main.storyboard */ = {
			isa = PBXVariantGroup;
			children = (
				AE5A2289213E325D0002956B /* Base */,
			);
			name = Main.storyboard;
			sourceTree = "<group>";
		};
		AE5A228D213E32620002956B /* LaunchScreen.storyboard */ = {
			isa = PBXVariantGroup;
			children = (
				AE5A228E213E32620002956B /* Base */,
			);
			name = LaunchScreen.storyboard;
			sourceTree = "<group>";
		};
/* End PBXVariantGroup section */

/* Begin XCBuildConfiguration section */
		AE5A2291213E32620002956B /* Debug */ = {
			isa = XCBuildConfiguration;
			buildSettings = {
				ALWAYS_SEARCH_USER_PATHS = NO;
				CLANG_ANALYZER_NONNULL = YES;
				CLANG_ANALYZER_NUMBER_OBJECT_CONVERSION = YES_AGGRESSIVE;
				CLANG_CXX_LANGUAGE_STANDARD = "gnu++14";
				CLANG_CXX_LIBRARY = "libc++";
				CLANG_ENABLE_MODULES = YES;
				CLANG_ENABLE_OBJC_ARC = YES;
				CLANG_ENABLE_OBJC_WEAK = YES;
				CLANG_WARN_BLOCK_CAPTURE_AUTORELEASING = YES;
				CLANG_WARN_BOOL_CONVERSION = YES;
				CLANG_WARN_COMMA = YES;
				CLANG_WARN_CONSTANT_CONVERSION = YES;
				CLANG_WARN_DEPRECATED_OBJC_IMPLEMENTATIONS = YES;
				CLANG_WARN_DIRECT_OBJC_ISA_USAGE = YES_ERROR;
				CLANG_WARN_DOCUMENTATION_COMMENTS = YES;
				CLANG_WARN_EMPTY_BODY = YES;
				CLANG_WARN_ENUM_CONVERSION = YES;
				CLANG_WARN_INFINITE_RECURSION = YES;
				CLANG_WARN_INT_CONVERSION = YES;
				CLANG_WARN_NON_LITERAL_NULL_CONVERSION = YES;
				CLANG_WARN_OBJC_IMPLICIT_RETAIN_SELF = YES;
				CLANG_WARN_OBJC_LITERAL_CONVERSION = YES;
				CLANG_WARN_OBJC_ROOT_CLASS = YES_ERROR;
				CLANG_WARN_RANGE_LOOP_ANALYSIS = YES;
				CLANG_WARN_STRICT_PROTOTYPES = YES;
				CLANG_WARN_SUSPICIOUS_MOVE = YES;
				CLANG_WARN_UNGUARDED_AVAILABILITY = YES_AGGRESSIVE;
				CLANG_WARN_UNREACHABLE_CODE = YES;
				CLANG_WARN__DUPLICATE_METHOD_MATCH = YES;
				CODE_SIGN_IDENTITY = "iPhone Developer";
				COPY_PHASE_STRIP = NO;
				DEBUG_INFORMATION_FORMAT = dwarf;
				ENABLE_STRICT_OBJC_MSGSEND = YES;
				ENABLE_TESTABILITY = YES;
				GCC_C_LANGUAGE_STANDARD = gnu11;
				GCC_DYNAMIC_NO_PIC = NO;
				GCC_NO_COMMON_BLOCKS = YES;
				GCC_OPTIMIZATION_LEVEL = 0;
				GCC_PREPROCESSOR_DEFINITIONS = (
					"DEBUG=1",
					"$(inherited)",
				);
				GCC_WARN_64_TO_32_BIT_CONVERSION = YES;
				GCC_WARN_ABOUT_RETURN_TYPE = YES_ERROR;
				GCC_WARN_UNDECLARED_SELECTOR = YES;
				GCC_WARN_UNINITIALIZED_AUTOS = YES_AGGRESSIVE;
				GCC_WARN_UNUSED_FUNCTION = YES;
				GCC_WARN_UNUSED_VARIABLE = YES;
				IPHONEOS_DEPLOYMENT_TARGET = 11.4;
				MTL_ENABLE_DEBUG_INFO = YES;
				ONLY_ACTIVE_ARCH = YES;
				SDKROOT = iphoneos;
				SWIFT_ACTIVE_COMPILATION_CONDITIONS = DEBUG;
				SWIFT_OPTIMIZATION_LEVEL = "-Onone";
			};
			name = Debug;
		};
		AE5A2292213E32620002956B /* Release */ = {
			isa = XCBuildConfiguration;
			buildSettings = {
				ALWAYS_SEARCH_USER_PATHS = NO;
				CLANG_ANALYZER_NONNULL = YES;
				CLANG_ANALYZER_NUMBER_OBJECT_CONVERSION = YES_AGGRESSIVE;
				CLANG_CXX_LANGUAGE_STANDARD = "gnu++14";
				CLANG_CXX_LIBRARY = "libc++";
				CLANG_ENABLE_MODULES = YES;
				CLANG_ENABLE_OBJC_ARC = YES;
				CLANG_ENABLE_OBJC_WEAK = YES;
				CLANG_WARN_BLOCK_CAPTURE_AUTORELEASING = YES;
				CLANG_WARN_BOOL_CONVERSION = YES;
				CLANG_WARN_COMMA = YES;
				CLANG_WARN_CONSTANT_CONVERSION = YES;
				CLANG_WARN_DEPRECATED_OBJC_IMPLEMENTATIONS = YES;
				CLANG_WARN_DIRECT_OBJC_ISA_USAGE = YES_ERROR;
				CLANG_WARN_DOCUMENTATION_COMMENTS = YES;
				CLANG_WARN_EMPTY_BODY = YES;
				CLANG_WARN_ENUM_CONVERSION = YES;
				CLANG_WARN_INFINITE_RECURSION = YES;
				CLANG_WARN_INT_CONVERSION = YES;
				CLANG_WARN_NON_LITERAL_NULL_CONVERSION = YES;
				CLANG_WARN_OBJC_IMPLICIT_RETAIN_SELF = YES;
				CLANG_WARN_OBJC_LITERAL_CONVERSION = YES;
				CLANG_WARN_OBJC_ROOT_CLASS = YES_ERROR;
				CLANG_WARN_RANGE_LOOP_ANALYSIS = YES;
				CLANG_WARN_STRICT_PROTOTYPES = YES;
				CLANG_WARN_SUSPICIOUS_MOVE = YES;
				CLANG_WARN_UNGUARDED_AVAILABILITY = YES_AGGRESSIVE;
				CLANG_WARN_UNREACHABLE_CODE = YES;
				CLANG_WARN__DUPLICATE_METHOD_MATCH = YES;
				CODE_SIGN_IDENTITY = "iPhone Developer";
				COPY_PHASE_STRIP = NO;
				DEBUG_INFORMATION_FORMAT = "dwarf-with-dsym";
				ENABLE_NS_ASSERTIONS = NO;
				ENABLE_STRICT_OBJC_MSGSEND = YES;
				GCC_C_LANGUAGE_STANDARD = gnu11;
				GCC_NO_COMMON_BLOCKS = YES;
				GCC_WARN_64_TO_32_BIT_CONVERSION = YES;
				GCC_WARN_ABOUT_RETURN_TYPE = YES_ERROR;
				GCC_WARN_UNDECLARED_SELECTOR = YES;
				GCC_WARN_UNINITIALIZED_AUTOS = YES_AGGRESSIVE;
				GCC_WARN_UNUSED_FUNCTION = YES;
				GCC_WARN_UNUSED_VARIABLE = YES;
				IPHONEOS_DEPLOYMENT_TARGET = 11.4;
				MTL_ENABLE_DEBUG_INFO = NO;
				SDKROOT = iphoneos;
				SWIFT_COMPILATION_MODE = wholemodule;
				SWIFT_OPTIMIZATION_LEVEL = "-O";
				VALIDATE_PRODUCT = YES;
			};
			name = Release;
		};
		AE5A2294213E32620002956B /* Debug */ = {
			isa = XCBuildConfiguration;
			buildSettings = {
				ASSETCATALOG_COMPILER_APPICON_NAME = AppIcon;
				CODE_SIGN_STYLE = Automatic;
				INFOPLIST_FILE = "Project11 Pachinko/Info.plist";
				LD_RUNPATH_SEARCH_PATHS = (
					"$(inherited)",
					"@executable_path/Frameworks",
				);
				PRODUCT_BUNDLE_IDENTIFIER = "com.win-with-kim.Project11-Pachinko";
				PRODUCT_NAME = "$(TARGET_NAME)";
				SWIFT_VERSION = 4.0;
				TARGETED_DEVICE_FAMILY = 2;
			};
			name = Debug;
		};
		AE5A2295213E32620002956B /* Release */ = {
			isa = XCBuildConfiguration;
			buildSettings = {
				ASSETCATALOG_COMPILER_APPICON_NAME = AppIcon;
				CODE_SIGN_STYLE = Automatic;
				INFOPLIST_FILE = "Project11 Pachinko/Info.plist";
				LD_RUNPATH_SEARCH_PATHS = (
					"$(inherited)",
					"@executable_path/Frameworks",
				);
				PRODUCT_BUNDLE_IDENTIFIER = "com.win-with-kim.Project11-Pachinko";
				PRODUCT_NAME = "$(TARGET_NAME)";
				SWIFT_VERSION = 4.0;
				TARGETED_DEVICE_FAMILY = 2;
			};
			name = Release;
		};
/* End XCBuildConfiguration section */

/* Begin XCConfigurationList section */
		AE5A2276213E325D0002956B /* Build configuration list for PBXProject "Project11 Pachinko" */ = {
			isa = XCConfigurationList;
			buildConfigurations = (
				AE5A2291213E32620002956B /* Debug */,
				AE5A2292213E32620002956B /* Release */,
			);
			defaultConfigurationIsVisible = 0;
			defaultConfigurationName = Release;
		};
		AE5A2293213E32620002956B /* Build configuration list for PBXNativeTarget "Project11 Pachinko" */ = {
			isa = XCConfigurationList;
			buildConfigurations = (
				AE5A2294213E32620002956B /* Debug */,
				AE5A2295213E32620002956B /* Release */,
			);
			defaultConfigurationIsVisible = 0;
			defaultConfigurationName = Release;
		};
/* End XCConfigurationList section */
	};
	rootObject = AE5A2273213E325D0002956B /* Project object */;
}
